
Microsoft Visual Studio Solution File, Format Version 12.00
# Visual Studio Version 16
VisualStudioVersion = 16.0.31019.35
MinimumVisualStudioVersion = 10.0.40219.1
Project("{FAE04EC0-301F-11D3-BF4B-00C04F79EFBC}") = "LifeScheduler.Backend.APIModels", "LifeScheduler.Backend.APIModels\LifeScheduler.Backend.APIModels.csproj", "{DAA93C2B-B69A-437F-A20C-9885BB2E0791}"
EndProject
Project("{FAE04EC0-301F-11D3-BF4B-00C04F79EFBC}") = "LifeScheduler.Backend.ASPNetCore", "LifeScheduler.Backend.ASPNetCore\LifeScheduler.Backend.ASPNetCore.csproj", "{3336ADF3-8E61-45D1-80BE-194D6C00554D}"
EndProject
Project("{FAE04EC0-301F-11D3-BF4B-00C04F79EFBC}") = "LifeScheduler.Backend.AzureFunctions", "LifeScheduler.Backend.AzureFunctions\LifeScheduler.Backend.AzureFunctions.csproj", "{2426F4AE-C1E7-48EC-9B6B-1678037FE592}"
EndProject
Project("{FAE04EC0-301F-11D3-BF4B-00C04F79EFBC}") = "LifeScheduler.BusinessLogic", "LifeScheduler.BusinessLogic\LifeScheduler.BusinessLogic.csproj", "{25AFBCFF-7F4A-465A-8C55-5103412C5C53}"
EndProject
Project("{FAE04EC0-301F-11D3-BF4B-00C04F79EFBC}") = "NukeBuild", "NukeBuild\NukeBuild.csproj", "{273D0D4A-BBD0-41FC-84ED-5A73C1429FA2}"
EndProject
Global
	GlobalSection(SolutionConfigurationPlatforms) = preSolution
		AzureHost|Any CPU = AzureHost|Any CPU
		Debug|Any CPU = Debug|Any CPU
		Release|Any CPU = Release|Any CPU
		ServerHost|Any CPU = ServerHost|Any CPU
	EndGlobalSection
	GlobalSection(ProjectConfigurationPlatforms) = postSolution
		{DAA93C2B-B69A-437F-A20C-9885BB2E0791}.AzureHost|Any CPU.ActiveCfg = Debug|Any CPU
		{DAA93C2B-B69A-437F-A20C-9885BB2E0791}.AzureHost|Any CPU.Build.0 = Debug|Any CPU
		{DAA93C2B-B69A-437F-A20C-9885BB2E0791}.Debug|Any CPU.ActiveCfg = Debug|Any CPU
		{DAA93C2B-B69A-437F-A20C-9885BB2E0791}.Debug|Any CPU.Build.0 = Debug|Any CPU
		{DAA93C2B-B69A-437F-A20C-9885BB2E0791}.Release|Any CPU.ActiveCfg = Release|Any CPU
		{DAA93C2B-B69A-437F-A20C-9885BB2E0791}.Release|Any CPU.Build.0 = Release|Any CPU
		{DAA93C2B-B69A-437F-A20C-9885BB2E0791}.ServerHost|Any CPU.ActiveCfg = Debug|Any CPU
		{DAA93C2B-B69A-437F-A20C-9885BB2E0791}.ServerHost|Any CPU.Build.0 = Debug|Any CPU
		{3336ADF3-8E61-45D1-80BE-194D6C00554D}.AzureHost|Any CPU.ActiveCfg = Debug|Any CPU
		{3336ADF3-8E61-45D1-80BE-194D6C00554D}.AzureHost|Any CPU.Build.0 = Debug|Any CPU
		{3336ADF3-8E61-45D1-80BE-194D6C00554D}.Debug|Any CPU.ActiveCfg = Debug|Any CPU
		{3336ADF3-8E61-45D1-80BE-194D6C00554D}.Debug|Any CPU.Build.0 = Debug|Any CPU
		{3336ADF3-8E61-45D1-80BE-194D6C00554D}.Release|Any CPU.ActiveCfg = Release|Any CPU
		{3336ADF3-8E61-45D1-80BE-194D6C00554D}.Release|Any CPU.Build.0 = Release|Any CPU
		{3336ADF3-8E61-45D1-80BE-194D6C00554D}.ServerHost|Any CPU.ActiveCfg = Debug|Any CPU
		{3336ADF3-8E61-45D1-80BE-194D6C00554D}.ServerHost|Any CPU.Build.0 = Debug|Any CPU
		{2426F4AE-C1E7-48EC-9B6B-1678037FE592}.AzureHost|Any CPU.ActiveCfg = Debug|Any CPU
		{2426F4AE-C1E7-48EC-9B6B-1678037FE592}.AzureHost|Any CPU.Build.0 = Debug|Any CPU
		{2426F4AE-C1E7-48EC-9B6B-1678037FE592}.Debug|Any CPU.ActiveCfg = Debug|Any CPU
		{2426F4AE-C1E7-48EC-9B6B-1678037FE592}.Debug|Any CPU.Build.0 = Debug|Any CPU
		{2426F4AE-C1E7-48EC-9B6B-1678037FE592}.Release|Any CPU.ActiveCfg = Release|Any CPU
		{2426F4AE-C1E7-48EC-9B6B-1678037FE592}.Release|Any CPU.Build.0 = Release|Any CPU
		{2426F4AE-C1E7-48EC-9B6B-1678037FE592}.ServerHost|Any CPU.ActiveCfg = Debug|Any CPU
		{2426F4AE-C1E7-48EC-9B6B-1678037FE592}.ServerHost|Any CPU.Build.0 = Debug|Any CPU
		{25AFBCFF-7F4A-465A-8C55-5103412C5C53}.AzureHost|Any CPU.ActiveCfg = Debug|Any CPU
		{25AFBCFF-7F4A-465A-8C55-5103412C5C53}.AzureHost|Any CPU.Build.0 = Debug|Any CPU
		{25AFBCFF-7F4A-465A-8C55-5103412C5C53}.Debug|Any CPU.ActiveCfg = Debug|Any CPU
		{25AFBCFF-7F4A-465A-8C55-5103412C5C53}.Debug|Any CPU.Build.0 = Debug|Any CPU
		{25AFBCFF-7F4A-465A-8C55-5103412C5C53}.Release|Any CPU.ActiveCfg = Release|Any CPU
		{25AFBCFF-7F4A-465A-8C55-5103412C5C53}.Release|Any CPU.Build.0 = Release|Any CPU
		{25AFBCFF-7F4A-465A-8C55-5103412C5C53}.ServerHost|Any CPU.ActiveCfg = Debug|Any CPU
		{25AFBCFF-7F4A-465A-8C55-5103412C5C53}.ServerHost|Any CPU.Build.0 = Debug|Any CPU
		{273D0D4A-BBD0-41FC-84ED-5A73C1429FA2}.AzureHost|Any CPU.ActiveCfg = AzureHost|Any CPU
		{273D0D4A-BBD0-41FC-84ED-5A73C1429FA2}.AzureHost|Any CPU.Build.0 = AzureHost|Any CPU
		{273D0D4A-BBD0-41FC-84ED-5A73C1429FA2}.Debug|Any CPU.ActiveCfg = Debug|Any CPU
		{273D0D4A-BBD0-41FC-84ED-5A73C1429FA2}.Debug|Any CPU.Build.0 = Debug|Any CPU
		{273D0D4A-BBD0-41FC-84ED-5A73C1429FA2}.Release|Any CPU.ActiveCfg = Release|Any CPU
		{273D0D4A-BBD0-41FC-84ED-5A73C1429FA2}.Release|Any CPU.Build.0 = Release|Any CPU
		{273D0D4A-BBD0-41FC-84ED-5A73C1429FA2}.ServerHost|Any CPU.ActiveCfg = ServerHost|Any CPU
		{273D0D4A-BBD0-41FC-84ED-5A73C1429FA2}.ServerHost|Any CPU.Build.0 = ServerHost|Any CPU
	EndGlobalSection
	GlobalSection(SolutionProperties) = preSolution
		HideSolutionNode = FALSE
	EndGlobalSection
	GlobalSection(ExtensibilityGlobals) = postSolution
		SolutionGuid = {4E6C4B22-AA91-46D5-BD36-3AB65C1F1F3A}
	EndGlobalSection
EndGlobal
